// !$*UTF8*$!
{
	archiveVersion = 1;
	classes = {
	};
	objectVersion = 50;
	objects = {

/* Begin PBXBuildFile section */
		A35988F22211907E006E9B29 /* AppDelegate.swift in Sources */ = {isa = PBXBuildFile; fileRef = A35988F12211907E006E9B29 /* AppDelegate.swift */; };
		A35988F42211907E006E9B29 /* HomeVC.swift in Sources */ = {isa = PBXBuildFile; fileRef = A35988F32211907E006E9B29 /* HomeVC.swift */; };
		A35988F72211907E006E9B29 /* Main.storyboard in Resources */ = {isa = PBXBuildFile; fileRef = A35988F52211907E006E9B29 /* Main.storyboard */; };
		A35988F92211907F006E9B29 /* Assets.xcassets in Resources */ = {isa = PBXBuildFile; fileRef = A35988F82211907F006E9B29 /* Assets.xcassets */; };
		A35988FC2211907F006E9B29 /* LaunchScreen.storyboard in Resources */ = {isa = PBXBuildFile; fileRef = A35988FA2211907F006E9B29 /* LaunchScreen.storyboard */; };
		A3598907221190DD006E9B29 /* FoodCategory.swift in Sources */ = {isa = PBXBuildFile; fileRef = A3598906221190DD006E9B29 /* FoodCategory.swift */; };
		A359890922119159006E9B29 /* Recipe.swift in Sources */ = {isa = PBXBuildFile; fileRef = A359890822119159006E9B29 /* Recipe.swift */; };
		A359890B221191A2006E9B29 /* DataSet.swift in Sources */ = {isa = PBXBuildFile; fileRef = A359890A221191A2006E9B29 /* DataSet.swift */; };
		A3BAD9562212E31D00B5C8A3 /* CategoryCell.swift in Sources */ = {isa = PBXBuildFile; fileRef = A3BAD9552212E31D00B5C8A3 /* CategoryCell.swift */; };
		A3BAD9582212E70E00B5C8A3 /* RecipesSelectionVC.swift in Sources */ = {isa = PBXBuildFile; fileRef = A3BAD9572212E70E00B5C8A3 /* RecipesSelectionVC.swift */; };
		A3E4673322143019003E1A4C /* RecipeCell.swift in Sources */ = {isa = PBXBuildFile; fileRef = A3E4673222143019003E1A4C /* RecipeCell.swift */; };
/* End PBXBuildFile section */

/* Begin PBXFileReference section */
		A35988EE2211907E006E9B29 /* GoodEatins.app */ = {isa = PBXFileReference; explicitFileType = wrapper.application; includeInIndex = 0; path = GoodEatins.app; sourceTree = BUILT_PRODUCTS_DIR; };
		A35988F12211907E006E9B29 /* AppDelegate.swift */ = {isa = PBXFileReference; lastKnownFileType = sourcecode.swift; path = AppDelegate.swift; sourceTree = "<group>"; };
		A35988F32211907E006E9B29 /* HomeVC.swift */ = {isa = PBXFileReference; lastKnownFileType = sourcecode.swift; path = HomeVC.swift; sourceTree = "<group>"; };
		A35988F62211907E006E9B29 /* Base */ = {isa = PBXFileReference; lastKnownFileType = file.storyboard; name = Base; path = Base.lproj/Main.storyboard; sourceTree = "<group>"; };
		A35988F82211907F006E9B29 /* Assets.xcassets */ = {isa = PBXFileReference; lastKnownFileType = folder.assetcatalog; path = Assets.xcassets; sourceTree = "<group>"; };
		A35988FB2211907F006E9B29 /* Base */ = {isa = PBXFileReference; lastKnownFileType = file.storyboard; name = Base; path = Base.lproj/LaunchScreen.storyboard; sourceTree = "<group>"; };
		A35988FD2211907F006E9B29 /* Info.plist */ = {isa = PBXFileReference; lastKnownFileType = text.plist.xml; path = Info.plist; sourceTree = "<group>"; };
		A3598906221190DD006E9B29 /* FoodCategory.swift */ = {isa = PBXFileReference; lastKnownFileType = sourcecode.swift; path = FoodCategory.swift; sourceTree = "<group>"; };
		A359890822119159006E9B29 /* Recipe.swift */ = {isa = PBXFileReference; lastKnownFileType = sourcecode.swift; path = Recipe.swift; sourceTree = "<group>"; };
		A359890A221191A2006E9B29 /* DataSet.swift */ = {isa = PBXFileReference; lastKnownFileType = sourcecode.swift; path = DataSet.swift; sourceTree = "<group>"; };
		A3BAD9552212E31D00B5C8A3 /* CategoryCell.swift */ = {isa = PBXFileReference; lastKnownFileType = sourcecode.swift; path = CategoryCell.swift; sourceTree = "<group>"; };
		A3BAD9572212E70E00B5C8A3 /* RecipesSelectionVC.swift */ = {isa = PBXFileReference; lastKnownFileType = sourcecode.swift; path = RecipesSelectionVC.swift; sourceTree = "<group>"; };
		A3E4673222143019003E1A4C /* RecipeCell.swift */ = {isa = PBXFileReference; lastKnownFileType = sourcecode.swift; path = RecipeCell.swift; sourceTree = "<group>"; };
/* End PBXFileReference section */

/* Begin PBXFrameworksBuildPhase section */
		A35988EB2211907E006E9B29 /* Frameworks */ = {
			isa = PBXFrameworksBuildPhase;
			buildActionMask = 2147483647;
			files = (
			);
			runOnlyForDeploymentPostprocessing = 0;
		};
/* End PBXFrameworksBuildPhase section */

/* Begin PBXGroup section */
		A35988E52211907E006E9B29 = {
			isa = PBXGroup;
			children = (
				A35988F02211907E006E9B29 /* GoodEatins */,
				A35988EF2211907E006E9B29 /* Products */,
			);
			sourceTree = "<group>";
		};
		A35988EF2211907E006E9B29 /* Products */ = {
			isa = PBXGroup;
			children = (
				A35988EE2211907E006E9B29 /* GoodEatins.app */,
			);
			name = Products;
			sourceTree = "<group>";
		};
		A35988F02211907E006E9B29 /* GoodEatins */ = {
			isa = PBXGroup;
			children = (
				A359890522119094006E9B29 /* Model */,
				A359890422119090006E9B29 /* View */,
				A359890322119088006E9B29 /* Controller */,
				A35988F12211907E006E9B29 /* AppDelegate.swift */,
				A35988F52211907E006E9B29 /* Main.storyboard */,
				A35988F82211907F006E9B29 /* Assets.xcassets */,
				A35988FA2211907F006E9B29 /* LaunchScreen.storyboard */,
				A35988FD2211907F006E9B29 /* Info.plist */,
			);
			path = GoodEatins;
			sourceTree = "<group>";
		};
		A359890322119088006E9B29 /* Controller */ = {
			isa = PBXGroup;
			children = (
				A35988F32211907E006E9B29 /* HomeVC.swift */,
				A3BAD9572212E70E00B5C8A3 /* RecipesSelectionVC.swift */,
			);
			path = Controller;
			sourceTree = "<group>";
		};
		A359890422119090006E9B29 /* View */ = {
			isa = PBXGroup;
			children = (
				A3BAD9552212E31D00B5C8A3 /* CategoryCell.swift */,
				A3E4673222143019003E1A4C /* RecipeCell.swift */,
			);
			path = View;
			sourceTree = "<group>";
		};
		A359890522119094006E9B29 /* Model */ = {
			isa = PBXGroup;
			children = (
				A3598906221190DD006E9B29 /* FoodCategory.swift */,
				A359890822119159006E9B29 /* Recipe.swift */,
				A359890A221191A2006E9B29 /* DataSet.swift */,
			);
			path = Model;
			sourceTree = "<group>";
		};
/* End PBXGroup section */

/* Begin PBXNativeTarget section */
		A35988ED2211907E006E9B29 /* GoodEatins */ = {
			isa = PBXNativeTarget;
			buildConfigurationList = A35989002211907F006E9B29 /* Build configuration list for PBXNativeTarget "GoodEatins" */;
			buildPhases = (
				A35988EA2211907E006E9B29 /* Sources */,
				A35988EB2211907E006E9B29 /* Frameworks */,
				A35988EC2211907E006E9B29 /* Resources */,
			);
			buildRules = (
			);
			dependencies = (
			);
			name = GoodEatins;
			productName = GoodEatins;
			productReference = A35988EE2211907E006E9B29 /* GoodEatins.app */;
			productType = "com.apple.product-type.application";
		};
/* End PBXNativeTarget section */

/* Begin PBXProject section */
		A35988E62211907E006E9B29 /* Project object */ = {
			isa = PBXProject;
			attributes = {
				LastSwiftUpdateCheck = 1010;
				LastUpgradeCheck = 1010;
				ORGANIZATIONNAME = "Nicholas Coggin";
				TargetAttributes = {
					A35988ED2211907E006E9B29 = {
						CreatedOnToolsVersion = 10.1;
					};
				};
			};
			buildConfigurationList = A35988E92211907E006E9B29 /* Build configuration list for PBXProject "GoodEatins" */;
			compatibilityVersion = "Xcode 9.3";
			developmentRegion = en;
			hasScannedForEncodings = 0;
			knownRegions = (
				en,
				Base,
			);
			mainGroup = A35988E52211907E006E9B29;
			productRefGroup = A35988EF2211907E006E9B29 /* Products */;
			projectDirPath = "";
			projectRoot = "";
			targets = (
				A35988ED2211907E006E9B29 /* GoodEatins */,
			);
		};
/* End PBXProject section */

/* Begin PBXResourcesBuildPhase section */
		A35988EC2211907E006E9B29 /* Resources */ = {
			isa = PBXResourcesBuildPhase;
			buildActionMask = 2147483647;
			files = (
				A35988FC2211907F006E9B29 /* LaunchScreen.storyboard in Resources */,
				A35988F92211907F006E9B29 /* Assets.xcassets in Resources */,
				A35988F72211907E006E9B29 /* Main.storyboard in Resources */,
			);
			runOnlyForDeploymentPostprocessing = 0;
		};
/* End PBXResourcesBuildPhase section */

/* Begin PBXSourcesBuildPhase section */
		A35988EA2211907E006E9B29 /* Sources */ = {
			isa = PBXSourcesBuildPhase;
			buildActionMask = 2147483647;
			files = (
				A35988F42211907E006E9B29 /* HomeVC.swift in Sources */,
				A359890B221191A2006E9B29 /* DataSet.swift in Sources */,
				A3598907221190DD006E9B29 /* FoodCategory.swift in Sources */,
				A3E4673322143019003E1A4C /* RecipeCell.swift in Sources */,
				A35988F22211907E006E9B29 /* AppDelegate.swift in Sources */,
				A3BAD9582212E70E00B5C8A3 /* RecipesSelectionVC.swift in Sources */,
				A359890922119159006E9B29 /* Recipe.swift in Sources */,
				A3BAD9562212E31D00B5C8A3 /* CategoryCell.swift in Sources */,
			);
			runOnlyForDeploymentPostprocessing = 0;
		};
/* End PBXSourcesBuildPhase section */

/* Begin PBXVariantGroup section */
		A35988F52211907E006E9B29 /* Main.storyboard */ = {
			isa = PBXVariantGroup;
			children = (
				A35988F62211907E006E9B29 /* Base */,
			);
			name = Main.storyboard;
			sourceTree = "<group>";
		};
		A35988FA2211907F006E9B29 /* LaunchScreen.storyboard */ = {
			isa = PBXVariantGroup;
			children = (
				A35988FB2211907F006E9B29 /* Base */,
			);
			name = LaunchScreen.storyboard;
			sourceTree = "<group>";
		};
/* End PBXVariantGroup section */

/* Begin XCBuildConfiguration section */
		A35988FE2211907F006E9B29 /* Debug */ = {
			isa = XCBuildConfiguration;
			buildSettings = {
				ALWAYS_SEARCH_USER_PATHS = NO;
				CLANG_ANALYZER_NONNULL = YES;
				CLANG_ANALYZER_NUMBER_OBJECT_CONVERSION = YES_AGGRESSIVE;
				CLANG_CXX_LANGUAGE_STANDARD = "gnu++14";
				CLANG_CXX_LIBRARY = "libc++";
				CLANG_ENABLE_MODULES = YES;
				CLANG_ENABLE_OBJC_ARC = YES;
				CLANG_ENABLE_OBJC_WEAK = YES;
				CLANG_WARN_BLOCK_CAPTURE_AUTORELEASING = YES;
				CLANG_WARN_BOOL_CONVERSION = YES;
				CLANG_WARN_COMMA = YES;
				CLANG_WARN_CONSTANT_CONVERSION = YES;
				CLANG_WARN_DEPRECATED_OBJC_IMPLEMENTATIONS = YES;
				CLANG_WARN_DIRECT_OBJC_ISA_USAGE = YES_ERROR;
				CLANG_WARN_DOCUMENTATION_COMMENTS = YES;
				CLANG_WARN_EMPTY_BODY = YES;
				CLANG_WARN_ENUM_CONVERSION = YES;
				CLANG_WARN_INFINITE_RECURSION = YES;
				CLANG_WARN_INT_CONVERSION = YES;
				CLANG_WARN_NON_LITERAL_NULL_CONVERSION = YES;
				CLANG_WARN_OBJC_IMPLICIT_RETAIN_SELF = YES;
				CLANG_WARN_OBJC_LITERAL_CONVERSION = YES;
				CLANG_WARN_OBJC_ROOT_CLASS = YES_ERROR;
				CLANG_WARN_RANGE_LOOP_ANALYSIS = YES;
				CLANG_WARN_STRICT_PROTOTYPES = YES;
				CLANG_WARN_SUSPICIOUS_MOVE = YES;
				CLANG_WARN_UNGUARDED_AVAILABILITY = YES_AGGRESSIVE;
				CLANG_WARN_UNREACHABLE_CODE = YES;
				CLANG_WARN__DUPLICATE_METHOD_MATCH = YES;
				CODE_SIGN_IDENTITY = "iPhone Developer";
				COPY_PHASE_STRIP = NO;
				DEBUG_INFORMATION_FORMAT = dwarf;
				ENABLE_STRICT_OBJC_MSGSEND = YES;
				ENABLE_TESTABILITY = YES;
				GCC_C_LANGUAGE_STANDARD = gnu11;
				GCC_DYNAMIC_NO_PIC = NO;
				GCC_NO_COMMON_BLOCKS = YES;
				GCC_OPTIMIZATION_LEVEL = 0;
				GCC_PREPROCESSOR_DEFINITIONS = (
					"DEBUG=1",
					"$(inherited)",
				);
				GCC_WARN_64_TO_32_BIT_CONVERSION = YES;
				GCC_WARN_ABOUT_RETURN_TYPE = YES_ERROR;
				GCC_WARN_UNDECLARED_SELECTOR = YES;
				GCC_WARN_UNINITIALIZED_AUTOS = YES_AGGRESSIVE;
				GCC_WARN_UNUSED_FUNCTION = YES;
				GCC_WARN_UNUSED_VARIABLE = YES;
				IPHONEOS_DEPLOYMENT_TARGET = 12.1;
				MTL_ENABLE_DEBUG_INFO = INCLUDE_SOURCE;
				MTL_FAST_MATH = YES;
				ONLY_ACTIVE_ARCH = YES;
				SDKROOT = iphoneos;
				SWIFT_ACTIVE_COMPILATION_CONDITIONS = DEBUG;
				SWIFT_OPTIMIZATION_LEVEL = "-Onone";
			};
			name = Debug;
		};
		A35988FF2211907F006E9B29 /* Release */ = {
			isa = XCBuildConfiguration;
			buildSettings = {
				ALWAYS_SEARCH_USER_PATHS = NO;
				CLANG_ANALYZER_NONNULL = YES;
				CLANG_ANALYZER_NUMBER_OBJECT_CONVERSION = YES_AGGRESSIVE;
				CLANG_CXX_LANGUAGE_STANDARD = "gnu++14";
				CLANG_CXX_LIBRARY = "libc++";
				CLANG_ENABLE_MODULES = YES;
				CLANG_ENABLE_OBJC_ARC = YES;
				CLANG_ENABLE_OBJC_WEAK = YES;
				CLANG_WARN_BLOCK_CAPTURE_AUTORELEASING = YES;
				CLANG_WARN_BOOL_CONVERSION = YES;
				CLANG_WARN_COMMA = YES;
				CLANG_WARN_CONSTANT_CONVERSION = YES;
				CLANG_WARN_DEPRECATED_OBJC_IMPLEMENTATIONS = YES;
				CLANG_WARN_DIRECT_OBJC_ISA_USAGE = YES_ERROR;
				CLANG_WARN_DOCUMENTATION_COMMENTS = YES;
				CLANG_WARN_EMPTY_BODY = YES;
				CLANG_WARN_ENUM_CONVERSION = YES;
				CLANG_WARN_INFINITE_RECURSION = YES;
				CLANG_WARN_INT_CONVERSION = YES;
				CLANG_WARN_NON_LITERAL_NULL_CONVERSION = YES;
				CLANG_WARN_OBJC_IMPLICIT_RETAIN_SELF = YES;
				CLANG_WARN_OBJC_LITERAL_CONVERSION = YES;
				CLANG_WARN_OBJC_ROOT_CLASS = YES_ERROR;
				CLANG_WARN_RANGE_LOOP_ANALYSIS = YES;
				CLANG_WARN_STRICT_PROTOTYPES = YES;
				CLANG_WARN_SUSPICIOUS_MOVE = YES;
				CLANG_WARN_UNGUARDED_AVAILABILITY = YES_AGGRESSIVE;
				CLANG_WARN_UNREACHABLE_CODE = YES;
				CLANG_WARN__DUPLICATE_METHOD_MATCH = YES;
				CODE_SIGN_IDENTITY = "iPhone Developer";
				COPY_PHASE_STRIP = NO;
				DEBUG_INFORMATION_FORMAT = "dwarf-with-dsym";
				ENABLE_NS_ASSERTIONS = NO;
				ENABLE_STRICT_OBJC_MSGSEND = YES;
				GCC_C_LANGUAGE_STANDARD = gnu11;
				GCC_NO_COMMON_BLOCKS = YES;
				GCC_WARN_64_TO_32_BIT_CONVERSION = YES;
				GCC_WARN_ABOUT_RETURN_TYPE = YES_ERROR;
				GCC_WARN_UNDECLARED_SELECTOR = YES;
				GCC_WARN_UNINITIALIZED_AUTOS = YES_AGGRESSIVE;
				GCC_WARN_UNUSED_FUNCTION = YES;
				GCC_WARN_UNUSED_VARIABLE = YES;
				IPHONEOS_DEPLOYMENT_TARGET = 12.1;
				MTL_ENABLE_DEBUG_INFO = NO;
				MTL_FAST_MATH = YES;
				SDKROOT = iphoneos;
				SWIFT_COMPILATION_MODE = wholemodule;
				SWIFT_OPTIMIZATION_LEVEL = "-O";
				VALIDATE_PRODUCT = YES;
			};
			name = Release;
		};
		A35989012211907F006E9B29 /* Debug */ = {
			isa = XCBuildConfiguration;
			buildSettings = {
				ASSETCATALOG_COMPILER_APPICON_NAME = AppIcon;
				CODE_SIGN_STYLE = Automatic;
				DEVELOPMENT_TEAM = BVR98QBCX2;
				INFOPLIST_FILE = GoodEatins/Info.plist;
				LD_RUNPATH_SEARCH_PATHS = (
					"$(inherited)",
					"@executable_path/Frameworks",
				);
				PRODUCT_BUNDLE_IDENTIFIER = CogDev.GoodEatins;
				PRODUCT_NAME = "$(TARGET_NAME)";
				SWIFT_VERSION = 4.2;
				TARGETED_DEVICE_FAMILY = "1,2";
			};
			name = Debug;
		};
		A35989022211907F006E9B29 /* Release */ = {
			isa = XCBuildConfiguration;
			buildSettings = {
				ASSETCATALOG_COMPILER_APPICON_NAME = AppIcon;
				CODE_SIGN_STYLE = Automatic;
				DEVELOPMENT_TEAM = BVR98QBCX2;
				INFOPLIST_FILE = GoodEatins/Info.plist;
				LD_RUNPATH_SEARCH_PATHS = (
					"$(inherited)",
					"@executable_path/Frameworks",
				);
				PRODUCT_BUNDLE_IDENTIFIER = CogDev.GoodEatins;
				PRODUCT_NAME = "$(TARGET_NAME)";
				SWIFT_VERSION = 4.2;
				TARGETED_DEVICE_FAMILY = "1,2";
			};
			name = Release;
		};
/* End XCBuildConfiguration section */

/* Begin XCConfigurationList section */
		A35988E92211907E006E9B29 /* Build configuration list for PBXProject "GoodEatins" */ = {
			isa = XCConfigurationList;
			buildConfigurations = (
				A35988FE2211907F006E9B29 /* Debug */,
				A35988FF2211907F006E9B29 /* Release */,
			);
			defaultConfigurationIsVisible = 0;
			defaultConfigurationName = Release;
		};
		A35989002211907F006E9B29 /* Build configuration list for PBXNativeTarget "GoodEatins" */ = {
			isa = XCConfigurationList;
			buildConfigurations = (
				A35989012211907F006E9B29 /* Debug */,
				A35989022211907F006E9B29 /* Release */,
			);
			defaultConfigurationIsVisible = 0;
			defaultConfigurationName = Release;
		};
/* End XCConfigurationList section */
	};
	rootObject = A35988E62211907E006E9B29 /* Project object */;
}
